
Microsoft Visual Studio Solution File, Format Version 12.00
# Visual Studio Version 16
VisualStudioVersion = 16.0.29411.108
MinimumVisualStudioVersion = 10.0.40219.1
Project("{FAE04EC0-301F-11D3-BF4B-00C04F79EFBC}") = "CameraToolsPlugin", "CameraToolsPlugin\CameraToolsPlugin.csproj", "{461CF153-4423-4BC2-B10D-0DB24D5B6E1D}"
EndProject
Global
	GlobalSection(SolutionConfigurationPlatforms) = preSolution
		Debug|Any CPU = Debug|Any CPU
		Release|Any CPU = Release|Any CPU
	EndGlobalSection
	GlobalSection(ProjectConfigurationPlatforms) = postSolution
		{461CF153-4423-4BC2-B10D-0DB24D5B6E1D}.Debug|Any CPU.ActiveCfg = Debug|Any CPU
		{461CF153-4423-4BC2-B10D-0DB24D5B6E1D}.Debug|Any CPU.Build.0 = Debug|Any CPU
		{461CF153-4423-4BC2-B10D-0DB24D5B6E1D}.Release|Any CPU.ActiveCfg = Release|Any CPU
		{461CF153-4423-4BC2-B10D-0DB24D5B6E1D}.Release|Any CPU.Build.0 = Release|Any CPU
	EndGlobalSection
	GlobalSection(SolutionProperties) = preSolution
		HideSolutionNode = FALSE
	EndGlobalSection
	GlobalSection(ExtensibilityGlobals) = postSolution
		SolutionGuid = {A3AB9696-650E-45D3-9F7D-50426F74D917}
	EndGlobalSection
EndGlobal
